version = 1
requires-python = ">=3.11"

[[package]]
name = "aiocoap"
version = "0.4.17"
source = { registry = "https://pypi.org/simple" }
sdist = { url = "https://files.pythonhosted.org/packages/1d/7c/10483df04d7910e21d55d47ab7c014fb02644b5b58ba741161360f8e9e8d/aiocoap-0.4.17.tar.gz", hash = "sha256:464c8d2b85ec1ef435dabeaa3fb6c8256b40fadfe6ce4ca83b93acb8d555f436", size = 313536 }
wheels = [
    { url = "https://files.pythonhosted.org/packages/6c/43/aa24717e6a12dd00e0a9bee405ef8d3b9643edac23876e949f23f46b55ff/aiocoap-0.4.17-py3-none-any.whl", hash = "sha256:9f8f5f09e8f2666b635d7f9c45db5d1d0e38d41479b2d83878678a9cdb5a8f3c", size = 247391 },
]

[[package]]
name = "prompt-toolkit"
version = "3.0.52"
source = { registry = "https://pypi.org/simple" }
dependencies = [
    { name = "wcwidth" },
]
sdist = { url = "https://files.pythonhosted.org/packages/a1/96/06e01a7b38dce6fe1db213e061a4602dd6032a8a97ef6c1a862537732421/prompt_toolkit-3.0.52.tar.gz", hash = "sha256:28cde192929c8e7321de85de1ddbe736f1375148b02f2e17edd840042b1be855", size = 434198 }
wheels = [
    { url = "https://files.pythonhosted.org/packages/84/03/0d3ce49e2505ae70cf43bc5bb3033955d2fc9f932163e84dc0779cc47f48/prompt_toolkit-3.0.52-py3-none-any.whl", hash = "sha256:9aac639a3bbd33284347de5ad8d68ecc044b91a762dc39b7c21095fcd6a19955", size = 391431 },
]

[[package]]
name = "velox-repl"
version = "0.1.0"
source = { editable = "." }
dependencies = [
    { name = "aiocoap" },
    { name = "prompt-toolkit" },
]

[package.metadata]
requires-dist = [
    { name = "aiocoap", specifier = ">=0.4.7" },
    { name = "prompt-toolkit", specifier = ">=3.0.43" },
]

[package.metadata.requires-dev]
dev = []

[[package]]
name = "wcwidth"
version = "0.7.0"
source = { registry = "https://pypi.org/simple" }
sdist = { url = "https://files.pythonhosted.org/packages/2c/ee/afaf0f85a9a18fe47a67f1e4422ed6cf1fe642f0ae0a2f81166231303c52/wcwidth-0.7.0.tar.gz", hash = "sha256:90e3a7ea092341c44b99562e75d09e4d5160fe7a3974c6fb842a101a95e7eed0", size = 182132 }
wheels = [
    { url = "https://files.pythonhosted.org/packages/41/52/e465037f5375f43533d1a80b6923955201596a99142ed524d77b571a1418/wcwidth-0.7.0-py3-none-any.whl", hash = "sha256:5d69154c429a82910e241c738cd0e2976fac8a2dd47a1a805f4afed1c0f136f2", size = 110825 },
]
